
Microsoft Visual Studio Solution File, Format Version 12.00
# Visual Studio Version 17
VisualStudioVersion = 17.5.33627.172
MinimumVisualStudioVersion = 10.0.40219.1
Project("{FAE04EC0-301F-11D3-BF4B-00C04F79EFBC}") = "12.4", "12.4\12.4.csproj", "{B62140F1-9267-4317-A27D-F33BB75BD12D}"
EndProject
Global
	GlobalSection(SolutionConfigurationPlatforms) = preSolution
		Debug|Any CPU = Debug|Any CPU
		Release|Any CPU = Release|Any CPU
	EndGlobalSection
	GlobalSection(ProjectConfigurationPlatforms) = postSolution
		{B62140F1-9267-4317-A27D-F33BB75BD12D}.Debug|Any CPU.ActiveCfg = Debug|Any CPU
		{B62140F1-9267-4317-A27D-F33BB75BD12D}.Debug|Any CPU.Build.0 = Debug|Any CPU
		{B62140F1-9267-4317-A27D-F33BB75BD12D}.Release|Any CPU.ActiveCfg = Release|Any CPU
		{B62140F1-9267-4317-A27D-F33BB75BD12D}.Release|Any CPU.Build.0 = Release|Any CPU
	EndGlobalSection
	GlobalSection(SolutionProperties) = preSolution
		HideSolutionNode = FALSE
	EndGlobalSection
	GlobalSection(ExtensibilityGlobals) = postSolution
		SolutionGuid = {65F29E2C-7C7B-48A2-8AAC-7FB381BBCB14}
	EndGlobalSection
EndGlobal
